
Microsoft Visual Studio Solution File, Format Version 12.00
# Visual Studio Version 17
VisualStudioVersion = 17.4.33213.308
MinimumVisualStudioVersion = 10.0.40219.1
Project("{9A19103F-16F7-4668-BE54-9A1E7A4F7556}") = "RabbitSender", "RabbitSender\RabbitSender.csproj", "{B60AD4DA-406E-4806-9BDC-DD44303F1458}"
EndProject
Project("{FAE04EC0-301F-11D3-BF4B-00C04F79EFBC}") = "RabbitReceiverA", "RabbitReceiverA\RabbitReceiverA.csproj", "{8ACAF84A-F3DD-449F-92EA-52A0C7D28837}"
EndProject
Project("{FAE04EC0-301F-11D3-BF4B-00C04F79EFBC}") = "RabbitReceiverB", "RabbitReceiverB\RabbitReceiverB.csproj", "{1202ACDD-B914-4706-AA42-676AFA02FAA5}"
EndProject
Global
	GlobalSection(SolutionConfigurationPlatforms) = preSolution
		Debug|Any CPU = Debug|Any CPU
		Release|Any CPU = Release|Any CPU
	EndGlobalSection
	GlobalSection(ProjectConfigurationPlatforms) = postSolution
		{B60AD4DA-406E-4806-9BDC-DD44303F1458}.Debug|Any CPU.ActiveCfg = Debug|Any CPU
		{B60AD4DA-406E-4806-9BDC-DD44303F1458}.Debug|Any CPU.Build.0 = Debug|Any CPU
		{B60AD4DA-406E-4806-9BDC-DD44303F1458}.Release|Any CPU.ActiveCfg = Release|Any CPU
		{B60AD4DA-406E-4806-9BDC-DD44303F1458}.Release|Any CPU.Build.0 = Release|Any CPU
		{8ACAF84A-F3DD-449F-92EA-52A0C7D28837}.Debug|Any CPU.ActiveCfg = Debug|Any CPU
		{8ACAF84A-F3DD-449F-92EA-52A0C7D28837}.Debug|Any CPU.Build.0 = Debug|Any CPU
		{8ACAF84A-F3DD-449F-92EA-52A0C7D28837}.Release|Any CPU.ActiveCfg = Release|Any CPU
		{8ACAF84A-F3DD-449F-92EA-52A0C7D28837}.Release|Any CPU.Build.0 = Release|Any CPU
		{1202ACDD-B914-4706-AA42-676AFA02FAA5}.Debug|Any CPU.ActiveCfg = Debug|Any CPU
		{1202ACDD-B914-4706-AA42-676AFA02FAA5}.Debug|Any CPU.Build.0 = Debug|Any CPU
		{1202ACDD-B914-4706-AA42-676AFA02FAA5}.Release|Any CPU.ActiveCfg = Release|Any CPU
		{1202ACDD-B914-4706-AA42-676AFA02FAA5}.Release|Any CPU.Build.0 = Release|Any CPU
	EndGlobalSection
	GlobalSection(SolutionProperties) = preSolution
		HideSolutionNode = FALSE
	EndGlobalSection
	GlobalSection(ExtensibilityGlobals) = postSolution
		SolutionGuid = {EBC80844-8AE5-4FDA-AC9A-CE91A0C451AA}
	EndGlobalSection
EndGlobal
